
Microsoft Visual Studio Solution File, Format Version 12.00
# Visual Studio Version 17
VisualStudioVersion = 17.8.34330.188
MinimumVisualStudioVersion = 10.0.40219.1
Project("{9A19103F-16F7-4668-BE54-9A1E7A4F7556}") = "RendererToyModelCs", "RendererToyModelCs\RendererToyModelCs.csproj", "{FF374044-805C-48D5-B9CE-6CBFB619CE81}"
EndProject
Project("{2150E333-8FDC-42A3-9474-1A3956D46DE8}") = "ソリューション項目", "ソリューション項目", "{ACDDA3F4-91EB-4BC9-A526-B72C6A314696}"
	ProjectSection(SolutionItems) = preProject
		README.md = README.md
	EndProjectSection
EndProject
Global
	GlobalSection(SolutionConfigurationPlatforms) = preSolution
		Debug|Any CPU = Debug|Any CPU
		Release|Any CPU = Release|Any CPU
	EndGlobalSection
	GlobalSection(ProjectConfigurationPlatforms) = postSolution
		{FF374044-805C-48D5-B9CE-6CBFB619CE81}.Debug|Any CPU.ActiveCfg = Debug|Any CPU
		{FF374044-805C-48D5-B9CE-6CBFB619CE81}.Debug|Any CPU.Build.0 = Debug|Any CPU
		{FF374044-805C-48D5-B9CE-6CBFB619CE81}.Release|Any CPU.ActiveCfg = Release|Any CPU
		{FF374044-805C-48D5-B9CE-6CBFB619CE81}.Release|Any CPU.Build.0 = Release|Any CPU
	EndGlobalSection
	GlobalSection(SolutionProperties) = preSolution
		HideSolutionNode = FALSE
	EndGlobalSection
	GlobalSection(ExtensibilityGlobals) = postSolution
		SolutionGuid = {37FB408A-C6AC-441C-81AC-32B591F4FAE5}
	EndGlobalSection
EndGlobal
